Microsoft Visual Studio Solution File, Format Version 12.00
# Visual Studio Version 17
VisualStudioVersion = 17.5.2.0
MinimumVisualStudioVersion = 10.0.40219.1
Project("{FAE04EC0-301F-11D3-BF4B-00C04F79EFBC}") = "PCOptimizer", "PCOptimizer.csproj", "{C161175F-0960-AE4B-9782-9272B0B2C68E}"
EndProject
Global
	GlobalSection(SolutionConfigurationPlatforms) = preSolution
		Debug|Any CPU = Debug|Any CPU
		Release|Any CPU = Release|Any CPU
	EndGlobalSection
	GlobalSection(ProjectConfigurationPlatforms) = postSolution
		{C161175F-0960-AE4B-9782-9272B0B2C68E}.Debug|Any CPU.ActiveCfg = Debug|Any CPU
		{C161175F-0960-AE4B-9782-9272B0B2C68E}.Debug|Any CPU.Build.0 = Debug|Any CPU
		{C161175F-0960-AE4B-9782-9272B0B2C68E}.Release|Any CPU.ActiveCfg = Release|Any CPU
		{C161175F-0960-AE4B-9782-9272B0B2C68E}.Release|Any CPU.Build.0 = Release|Any CPU
	EndGlobalSection
	GlobalSection(SolutionProperties) = preSolution
		HideSolutionNode = FALSE
	EndGlobalSection
	GlobalSection(ExtensibilityGlobals) = postSolution
		SolutionGuid = {ABF7130B-43BE-4FBD-B677-3E21392EAAF4}
	EndGlobalSection
EndGlobal
